
Microsoft Visual Studio Solution File, Format Version 12.00
# Visual Studio 15
VisualStudioVersion = 15.0.28307.572
MinimumVisualStudioVersion = 10.0.40219.1
Project("{FAE04EC0-301F-11D3-BF4B-00C04F79EFBC}") = "Task1_Orders", "Task1_Orders\Task1_Orders.csproj", "{4C207580-BF75-4BED-93A4-C13EC7A18F26}"
EndProject
Global
	GlobalSection(SolutionConfigurationPlatforms) = preSolution
		Debug|Any CPU = Debug|Any CPU
		Release|Any CPU = Release|Any CPU
	EndGlobalSection
	GlobalSection(ProjectConfigurationPlatforms) = postSolution
		{4C207580-BF75-4BED-93A4-C13EC7A18F26}.Debug|Any CPU.ActiveCfg = Debug|Any CPU
		{4C207580-BF75-4BED-93A4-C13EC7A18F26}.Debug|Any CPU.Build.0 = Debug|Any CPU
		{4C207580-BF75-4BED-93A4-C13EC7A18F26}.Release|Any CPU.ActiveCfg = Release|Any CPU
		{4C207580-BF75-4BED-93A4-C13EC7A18F26}.Release|Any CPU.Build.0 = Release|Any CPU
	EndGlobalSection
	GlobalSection(SolutionProperties) = preSolution
		HideSolutionNode = FALSE
	EndGlobalSection
	GlobalSection(ExtensibilityGlobals) = postSolution
		SolutionGuid = {4F01DB12-7294-47A2-81F8-E4601F8B9CD4}
	EndGlobalSection
EndGlobal
