
Microsoft Visual Studio Solution File, Format Version 12.00
# Visual Studio 15
VisualStudioVersion = 15.0.28307.572
MinimumVisualStudioVersion = 10.0.40219.1
Project("{FAE04EC0-301F-11D3-BF4B-00C04F79EFBC}") = "Task2", "Task2\Task2.csproj", "{49C9F8AC-7E19-496A-A642-2AB2F6987A61}"
EndProject
Global
	GlobalSection(SolutionConfigurationPlatforms) = preSolution
		Debug|Any CPU = Debug|Any CPU
		Release|Any CPU = Release|Any CPU
	EndGlobalSection
	GlobalSection(ProjectConfigurationPlatforms) = postSolution
		{49C9F8AC-7E19-496A-A642-2AB2F6987A61}.Debug|Any CPU.ActiveCfg = Debug|Any CPU
		{49C9F8AC-7E19-496A-A642-2AB2F6987A61}.Debug|Any CPU.Build.0 = Debug|Any CPU
		{49C9F8AC-7E19-496A-A642-2AB2F6987A61}.Release|Any CPU.ActiveCfg = Release|Any CPU
		{49C9F8AC-7E19-496A-A642-2AB2F6987A61}.Release|Any CPU.Build.0 = Release|Any CPU
	EndGlobalSection
	GlobalSection(SolutionProperties) = preSolution
		HideSolutionNode = FALSE
	EndGlobalSection
	GlobalSection(ExtensibilityGlobals) = postSolution
		SolutionGuid = {147CD6AD-4A18-4767-A976-0AD6741A0F46}
	EndGlobalSection
EndGlobal
